
Microsoft Visual Studio Solution File, Format Version 12.00
# Visual Studio Version 17
VisualStudioVersion = 17.5.33530.505
MinimumVisualStudioVersion = 10.0.40219.1
Project("{FAE04EC0-301F-11D3-BF4B-00C04F79EFBC}") = "SigmaWeb", "SigmaWeb\SigmaWeb.csproj", "{7C66B0CA-2187-4C2D-98FC-A2F0B0A84732}"
EndProject
Global
	GlobalSection(SolutionConfigurationPlatforms) = preSolution
		Debug|Any CPU = Debug|Any CPU
		Release|Any CPU = Release|Any CPU
	EndGlobalSection
	GlobalSection(ProjectConfigurationPlatforms) = postSolution
		{7C66B0CA-2187-4C2D-98FC-A2F0B0A84732}.Debug|Any CPU.ActiveCfg = Debug|Any CPU
		{7C66B0CA-2187-4C2D-98FC-A2F0B0A84732}.Debug|Any CPU.Build.0 = Debug|Any CPU
		{7C66B0CA-2187-4C2D-98FC-A2F0B0A84732}.Release|Any CPU.ActiveCfg = Release|Any CPU
		{7C66B0CA-2187-4C2D-98FC-A2F0B0A84732}.Release|Any CPU.Build.0 = Release|Any CPU
	EndGlobalSection
	GlobalSection(SolutionProperties) = preSolution
		HideSolutionNode = FALSE
	EndGlobalSection
	GlobalSection(ExtensibilityGlobals) = postSolution
		SolutionGuid = {19990F37-4997-49B9-AE28-60E8D1677E8A}
	EndGlobalSection
EndGlobal
